{
  "version": 2,
  "dependencies": {
    "net10.0": {
      "libplctag": {
        "type": "Direct",
        "requested": "[1.5.2, )",
        "resolved": "1.5.2",
        "contentHash": "v16WtxKMr6YiPc/ws5C/MdhOvZgLrlDwJ1FQPB4PLrWNpBQXr8fUXaHI12rl3sNyJZ2ocB+zeSPUDFT8zK4pDA==",
        "dependencies": {
          "libplctag.NativeImport": "1.0.41"
        }
      },
      "ViciOne.Suite.DataPort": {
        "type": "Direct",
        "requested": "[1.0.1-ci2878897099, )",
        "resolved": "1.0.1-ci2878897099",
        "contentHash": "L02DgJMT9OzAXauYi3lPrMObA/HnB2xLH8qj8as9a1DDjxslPOX41v3GQwZiYnyz3chXUbBFZCqoaV7+rw6PDg==",
        "dependencies": {
          "ViciOne.ManagedEngine.Contracts": "1.0.0"
        }
      },
      "ViciOne.Suite.DataPort.Extensions": {
        "type": "Direct",
        "requested": "[1.0.1-ci2878897099, )",
        "resolved": "1.0.1-ci2878897099",
        "contentHash": "Z/QRinDEGN7XB+aFyM4qkbYUIBWbqhSkoGVcPyrJJBKjeADV6y1tzs2MRvSWU4txRYbn1Xn/pf5zJFo4S/Jzvg==",
        "dependencies": {
          "FluentValidation": "12.1.0",
          "Microsoft.Extensions.Logging.Abstractions": "10.0.5",
          "Polly": "8.6.6",
          "ViciOne.Suite.DataPort": "1.0.1-ci2878897099"
        }
      },
      "ViciOne.Tree.Builder": {
        "type": "Direct",
        "requested": "[3.0.0, )",
        "resolved": "3.0.0",
        "contentHash": "iDO1AEB0vVw9VsUjkMEtx1HyQg74jznOPf9fjEeLRvMAWU7n7/BU6OlRvUATRhbTCKLx32N9BrnokgoM8NfHpQ==",
        "dependencies": {
          "AngleSharp": "1.6.0",
          "YamlDotNet": "16.3.0"
        }
      },
      "AngleSharp": {
        "type": "Transitive",
        "resolved": "1.6.0",
        "contentHash": "kVnhnZlM4Yww2KWqW3uSL8isvhYsrTTBMSPAgoF8ZhMrLSoay6783AP6dQxAj1J9gvWKi3OIM4ZezdE2Y4ufCQ=="
      },
      "FluentValidation": {
        "type": "Transitive",
        "resolved": "12.1.0",
        "contentHash": "FqWEn8BdbbFEHGanj9K8SVo+LyBeFWy2rolaE+e1TNUbifr8M7Iss+I1AqTSc8kjKtvjl/WN4XIHiRpslh42bA=="
      },
      "libplctag.NativeImport": {
        "type": "Transitive",
        "resolved": "1.0.41",
        "contentHash": "cm7TXwCMg4lALRtP/XJzxI4db9qYcRPB7kglPfDOqiNE1PQ4O/gOC5KPCwoGhIw07FBKvVDnl5sjbXS3iK2tEw=="
      },
      "Microsoft.Extensions.DependencyInjection.Abstractions": {
        "type": "Transitive",
        "resolved": "10.0.5",
        "contentHash": "iVMtq9eRvzyhx8949EGT0OCYJfXi737SbRVzWXE5GrOgGj5AaZ9eUuxA/BSUfmOMALKn/g8KfFaNQw0eiB3lyA=="
      },
      "Microsoft.Extensions.Logging.Abstractions": {
        "type": "Transitive",
        "resolved": "10.0.5",
        "contentHash": "9HOdqlDtPptVcmKAjsQ/Nr5Rxfq6FMYLdhvZh1lVmeKR738qeYecQD7+ldooXf+u2KzzR1kafSphWngIM3C6ug==",
        "dependencies": {
          "Microsoft.Extensions.DependencyInjection.Abstractions": "10.0.5"
        }
      },
      "Polly": {
        "type": "Transitive",
        "resolved": "8.6.6",
        "contentHash": "czKHYJ6uGowPijuZt4kgF4njfGvWxVZ8mKBcrZ9iEtwDe9HKdF0ug6p6TwUG8EHuuufgbDU//rSBFebt5/0Fyw==",
        "dependencies": {
          "Polly.Core": "8.6.6"
        }
      },
      "Polly.Core": {
        "type": "Transitive",
        "resolved": "8.6.6",
        "contentHash": "lCBL9mmhF9TZxHG3beVRkyjlLohkIC464xIAq7J7Y59C+z42hmsdUaeCKl2SIAYertOUU5TeBXyQDLDQGIKePQ=="
      },
      "ViciOne.ManagedEngine.Contracts": {
        "type": "Transitive",
        "resolved": "1.0.0",
        "contentHash": "ZgFz7ZsM/2eZVAQIHoZU4P2YOJChGIgkm2MY6qT2wZkBpAgY/Gh09nvfMa8jYXfFdQJiJebNstpfnoFFn71deA==",
        "dependencies": {
          "Microsoft.Extensions.Logging.Abstractions": "10.0.3",
          "ViciOne.ManagedEngine.Serialization": "1.0.0"
        }
      },
      "ViciOne.ManagedEngine.Serialization": {
        "type": "Transitive",
        "resolved": "1.0.0",
        "contentHash": "8ZwPSnqDn3lZODdhK2/7Qe54yNEWt3XIxmVDAd5IK86+OjsU3gSCcZdMOo1Zq2aqWja4KtlSzgvj3hQfMqiisQ=="
      },
      "YamlDotNet": {
        "type": "Transitive",
        "resolved": "16.3.0",
        "contentHash": "SgMOdxbz8X65z8hraIs6hOEdnkH6hESTAIUa7viEngHOYaH+6q5XJmwr1+yb9vJpNQ19hCQY69xbFsLtXpobQA=="
      }
    },
    "net10.0/linux-arm64": {},
    "net10.0/linux-x64": {},
    "net10.0/win-x64": {}
  }
}